
Microsoft Visual Studio Solution File, Format Version 12.00
# Visual Studio 14
VisualStudioVersion = 14.0.25420.1
MinimumVisualStudioVersion = 10.0.40219.1
Project("{FAE04EC0-301F-11D3-BF4B-00C04F79EFBC}") = "GPT_MT_1_monogame3-6", "GPT_MT_1_monogame3-6\GPT_MT_1_monogame3-6.csproj", "{0D799B38-0BCB-4907-AA6C-7662AF65E27E}"
EndProject
Global
	GlobalSection(SolutionConfigurationPlatforms) = preSolution
		Debug|Any CPU = Debug|Any CPU
		Release|Any CPU = Release|Any CPU
		Windows Release|Any CPU = Windows Release|Any CPU
		MacOS Release|Any CPU = MacOS Release|Any CPU
	EndGlobalSection
	GlobalSection(ProjectConfigurationPlatforms) = postSolution
		{0D799B38-0BCB-4907-AA6C-7662AF65E27E}.Debug|Any CPU.ActiveCfg = Debug|Any CPU
		{0D799B38-0BCB-4907-AA6C-7662AF65E27E}.Debug|Any CPU.Build.0 = Debug|Any CPU
		{0D799B38-0BCB-4907-AA6C-7662AF65E27E}.Release|Any CPU.ActiveCfg = Release|Any CPU
		{0D799B38-0BCB-4907-AA6C-7662AF65E27E}.Release|Any CPU.Build.0 = Release|Any CPU
		{0D799B38-0BCB-4907-AA6C-7662AF65E27E}.Windows Release|Any CPU.ActiveCfg = Windows Release|Any CPU
		{0D799B38-0BCB-4907-AA6C-7662AF65E27E}.Windows Release|Any CPU.Build.0 = Windows Release|Any CPU
		{0D799B38-0BCB-4907-AA6C-7662AF65E27E}.MacOS Release|Any CPU.ActiveCfg = MacOS Release|Any CPU
		{0D799B38-0BCB-4907-AA6C-7662AF65E27E}.MacOS Release|Any CPU.Build.0 = MacOS Release|Any CPU
	EndGlobalSection
	GlobalSection(SolutionProperties) = preSolution
		HideSolutionNode = FALSE
	EndGlobalSection
EndGlobal
